PODS:
  - MobilliumIntroduction (1.0.0)

DEPENDENCIES:
  - MobilliumIntroduction (from `../`)

EXTERNAL SOURCES:
  MobilliumIntroduction:
    :path: "../"

SPEC CHECKSUMS:
  MobilliumIntroduction: 3c7179506d46a1444c5c84236c86c303bab44917

PODFILE CHECKSUM: 5f0248247393740a1af58e5ff9d6ce27d69e01b3

COCOAPODS: 1.11.2
