PODS:
  - MobilliumIntroduction (1.0.0)

DEPENDENCIES:
  - MobilliumIntroduction (from `../`)

EXTERNAL SOURCES:
  MobilliumIntroduction:
    :path: "../"

SPEC CHECKSUMS:
  MobilliumIntroduction: 15575dfc8851d277f4bae08a51030797244e0eb3

PODFILE CHECKSUM: 9cddf4cb45f5210c6b11b219c1665e21d4a10f7b

COCOAPODS: 1.11.2
